
Microsoft Visual Studio Solution File, Format Version 12.00
# Visual Studio Version 17
VisualStudioVersion = 17.11.35312.102
MinimumVisualStudioVersion = 10.0.40219.1
Project("{9A19103F-16F7-4668-BE54-9A1E7A4F7556}") = "HelloWPF", "HelloWPF\HelloWPF.csproj", "{98D42E6F-32AE-468C-9873-837847644F60}"
EndProject
Project("{FAE04EC0-301F-11D3-BF4B-00C04F79EFBC}") = "Resource", "Resource\Resource.csproj", "{B36541B5-B843-4914-97E5-6CDC7E797C65}"
EndProject
Project("{FAE04EC0-301F-11D3-BF4B-00C04F79EFBC}") = "Local and application wide resources", "Local and application wide resources\Local and application wide resources.csproj", "{14FF843D-6262-4EB1-A818-D57726EFFA62}"
EndProject
Global
	GlobalSection(SolutionConfigurationPlatforms) = preSolution
		Debug|Any CPU = Debug|Any CPU
		Release|Any CPU = Release|Any CPU
	EndGlobalSection
	GlobalSection(ProjectConfigurationPlatforms) = postSolution
		{98D42E6F-32AE-468C-9873-837847644F60}.Debug|Any CPU.ActiveCfg = Debug|Any CPU
		{98D42E6F-32AE-468C-9873-837847644F60}.Debug|Any CPU.Build.0 = Debug|Any CPU
		{98D42E6F-32AE-468C-9873-837847644F60}.Release|Any CPU.ActiveCfg = Release|Any CPU
		{98D42E6F-32AE-468C-9873-837847644F60}.Release|Any CPU.Build.0 = Release|Any CPU
		{B36541B5-B843-4914-97E5-6CDC7E797C65}.Debug|Any CPU.ActiveCfg = Debug|Any CPU
		{B36541B5-B843-4914-97E5-6CDC7E797C65}.Debug|Any CPU.Build.0 = Debug|Any CPU
		{B36541B5-B843-4914-97E5-6CDC7E797C65}.Release|Any CPU.ActiveCfg = Release|Any CPU
		{B36541B5-B843-4914-97E5-6CDC7E797C65}.Release|Any CPU.Build.0 = Release|Any CPU
		{14FF843D-6262-4EB1-A818-D57726EFFA62}.Debug|Any CPU.ActiveCfg = Debug|Any CPU
		{14FF843D-6262-4EB1-A818-D57726EFFA62}.Debug|Any CPU.Build.0 = Debug|Any CPU
		{14FF843D-6262-4EB1-A818-D57726EFFA62}.Release|Any CPU.ActiveCfg = Release|Any CPU
		{14FF843D-6262-4EB1-A818-D57726EFFA62}.Release|Any CPU.Build.0 = Release|Any CPU
	EndGlobalSection
	GlobalSection(SolutionProperties) = preSolution
		HideSolutionNode = FALSE
	EndGlobalSection
	GlobalSection(ExtensibilityGlobals) = postSolution
		SolutionGuid = {A2A0D56C-8209-40B8-8A2D-A6DA9AA89A74}
	EndGlobalSection
EndGlobal
