
Microsoft Visual Studio Solution File, Format Version 12.00
# Visual Studio Version 17
VisualStudioVersion = 17.11.35312.102
MinimumVisualStudioVersion = 10.0.40219.1
Project("{9A19103F-16F7-4668-BE54-9A1E7A4F7556}") = "Basic Controls", "Basic Controls\Basic Controls.csproj", "{2F35070F-F97C-41A9-A15B-072752523885}"
EndProject
Project("{9A19103F-16F7-4668-BE54-9A1E7A4F7556}") = "The Label Control", "The Label Control\The Label Control.csproj", "{4441C4E1-87FF-4F2A-8440-7B53151C955C}"
EndProject
Project("{9A19103F-16F7-4668-BE54-9A1E7A4F7556}") = "The TextBox control", "The TextBox control\The TextBox control.csproj", "{037A2077-1797-47B5-B250-C6F866179523}"
EndProject
Project("{9A19103F-16F7-4668-BE54-9A1E7A4F7556}") = "The Button Control", "The Button Control\The Button Control.csproj", "{7CEEE6C8-DF08-484F-8224-2429C926B07D}"
EndProject
Project("{9A19103F-16F7-4668-BE54-9A1E7A4F7556}") = "The Checkbox Control", "The Checkbox Control\The Checkbox Control.csproj", "{D7B16B5F-65A2-4693-B53E-630AC0D937B8}"
EndProject
Project("{FAE04EC0-301F-11D3-BF4B-00C04F79EFBC}") = "RadioButton Control", "RadioButton Control\RadioButton Control.csproj", "{33CBA5A3-A03B-4A87-93F8-B2E97B35AB28}"
EndProject
Global
	GlobalSection(SolutionConfigurationPlatforms) = preSolution
		Debug|Any CPU = Debug|Any CPU
		Release|Any CPU = Release|Any CPU
	EndGlobalSection
	GlobalSection(ProjectConfigurationPlatforms) = postSolution
		{2F35070F-F97C-41A9-A15B-072752523885}.Debug|Any CPU.ActiveCfg = Debug|Any CPU
		{2F35070F-F97C-41A9-A15B-072752523885}.Debug|Any CPU.Build.0 = Debug|Any CPU
		{2F35070F-F97C-41A9-A15B-072752523885}.Release|Any CPU.ActiveCfg = Release|Any CPU
		{2F35070F-F97C-41A9-A15B-072752523885}.Release|Any CPU.Build.0 = Release|Any CPU
		{4441C4E1-87FF-4F2A-8440-7B53151C955C}.Debug|Any CPU.ActiveCfg = Debug|Any CPU
		{4441C4E1-87FF-4F2A-8440-7B53151C955C}.Debug|Any CPU.Build.0 = Debug|Any CPU
		{4441C4E1-87FF-4F2A-8440-7B53151C955C}.Release|Any CPU.ActiveCfg = Release|Any CPU
		{4441C4E1-87FF-4F2A-8440-7B53151C955C}.Release|Any CPU.Build.0 = Release|Any CPU
		{037A2077-1797-47B5-B250-C6F866179523}.Debug|Any CPU.ActiveCfg = Debug|Any CPU
		{037A2077-1797-47B5-B250-C6F866179523}.Debug|Any CPU.Build.0 = Debug|Any CPU
		{037A2077-1797-47B5-B250-C6F866179523}.Release|Any CPU.ActiveCfg = Release|Any CPU
		{037A2077-1797-47B5-B250-C6F866179523}.Release|Any CPU.Build.0 = Release|Any CPU
		{7CEEE6C8-DF08-484F-8224-2429C926B07D}.Debug|Any CPU.ActiveCfg = Debug|Any CPU
		{7CEEE6C8-DF08-484F-8224-2429C926B07D}.Debug|Any CPU.Build.0 = Debug|Any CPU
		{7CEEE6C8-DF08-484F-8224-2429C926B07D}.Release|Any CPU.ActiveCfg = Release|Any CPU
		{7CEEE6C8-DF08-484F-8224-2429C926B07D}.Release|Any CPU.Build.0 = Release|Any CPU
		{D7B16B5F-65A2-4693-B53E-630AC0D937B8}.Debug|Any CPU.ActiveCfg = Debug|Any CPU
		{D7B16B5F-65A2-4693-B53E-630AC0D937B8}.Debug|Any CPU.Build.0 = Debug|Any CPU
		{D7B16B5F-65A2-4693-B53E-630AC0D937B8}.Release|Any CPU.ActiveCfg = Release|Any CPU
		{D7B16B5F-65A2-4693-B53E-630AC0D937B8}.Release|Any CPU.Build.0 = Release|Any CPU
		{33CBA5A3-A03B-4A87-93F8-B2E97B35AB28}.Debug|Any CPU.ActiveCfg = Debug|Any CPU
		{33CBA5A3-A03B-4A87-93F8-B2E97B35AB28}.Debug|Any CPU.Build.0 = Debug|Any CPU
		{33CBA5A3-A03B-4A87-93F8-B2E97B35AB28}.Release|Any CPU.ActiveCfg = Release|Any CPU
		{33CBA5A3-A03B-4A87-93F8-B2E97B35AB28}.Release|Any CPU.Build.0 = Release|Any CPU
	EndGlobalSection
	GlobalSection(SolutionProperties) = preSolution
		HideSolutionNode = FALSE
	EndGlobalSection
	GlobalSection(ExtensibilityGlobals) = postSolution
		SolutionGuid = {A1B5F9AC-BDED-4C65-BA01-CEB0B289419F}
	EndGlobalSection
EndGlobal
