
Microsoft Visual Studio Solution File, Format Version 12.00
# Visual Studio Version 17
VisualStudioVersion = 17.11.35312.102
MinimumVisualStudioVersion = 10.0.40219.1
Project("{9A19103F-16F7-4668-BE54-9A1E7A4F7556}") = "The Canvas Control", "The Canvas Control\The Canvas Control.csproj", "{0C59A0CE-9863-4F44-B5DE-1934A3B122BE}"
EndProject
Project("{9A19103F-16F7-4668-BE54-9A1E7A4F7556}") = "The WrapPanel control", "The WrapPanel control\The WrapPanel control.csproj", "{D5B82A21-F1F6-40DC-91A0-C51552D6C7B2}"
EndProject
Project("{9A19103F-16F7-4668-BE54-9A1E7A4F7556}") = "StackPanel control", "StackPanel control\StackPanel control.csproj", "{5E2ED6A3-CC48-4B8C-9F87-5EE5615205A4}"
EndProject
Project("{9A19103F-16F7-4668-BE54-9A1E7A4F7556}") = "The DockPanel control", "The DockPanel control\The DockPanel control.csproj", "{0848F240-FEB1-494C-9462-D28BC70CBDD1}"
EndProject
Project("{9A19103F-16F7-4668-BE54-9A1E7A4F7556}") = "The Grid Control", "The Grid Control\The Grid Control.csproj", "{090BE252-9451-4FDA-839D-EBA744A816E9}"
EndProject
Project("{9A19103F-16F7-4668-BE54-9A1E7A4F7556}") = "Grid- Rows & Columns", "Grid- Rows & Columns\Grid- Rows & Columns.csproj", "{001B4C25-FE3B-4CB6-85EB-B2178E257272}"
EndProject
Project("{9A19103F-16F7-4668-BE54-9A1E7A4F7556}") = "Grid-Units", "Grid-Units\Grid-Units.csproj", "{5888D81F-4C20-4C5D-A7A0-AD11F6FFC18E}"
EndProject
Project("{9A19103F-16F7-4668-BE54-9A1E7A4F7556}") = "Grid-Spanning", "Grid-Spanning\Grid-Spanning.csproj", "{F1A664B4-3E94-4D7E-B68B-F8A53FB80237}"
EndProject
Project("{9A19103F-16F7-4668-BE54-9A1E7A4F7556}") = "The GridSplitter", "The GridSplitter\The GridSplitter.csproj", "{31F28A6A-10BF-4EFC-9C0E-D87FCE851039}"
EndProject
Project("{FAE04EC0-301F-11D3-BF4B-00C04F79EFBC}") = "The Grid contact form", "The Grid contact form\The Grid contact form.csproj", "{C3A1A119-FF6A-4027-AE1C-FFD20402CDC9}"
EndProject
Global
	GlobalSection(SolutionConfigurationPlatforms) = preSolution
		Debug|Any CPU = Debug|Any CPU
		Release|Any CPU = Release|Any CPU
	EndGlobalSection
	GlobalSection(ProjectConfigurationPlatforms) = postSolution
		{0C59A0CE-9863-4F44-B5DE-1934A3B122BE}.Debug|Any CPU.ActiveCfg = Debug|Any CPU
		{0C59A0CE-9863-4F44-B5DE-1934A3B122BE}.Debug|Any CPU.Build.0 = Debug|Any CPU
		{0C59A0CE-9863-4F44-B5DE-1934A3B122BE}.Release|Any CPU.ActiveCfg = Release|Any CPU
		{0C59A0CE-9863-4F44-B5DE-1934A3B122BE}.Release|Any CPU.Build.0 = Release|Any CPU
		{D5B82A21-F1F6-40DC-91A0-C51552D6C7B2}.Debug|Any CPU.ActiveCfg = Debug|Any CPU
		{D5B82A21-F1F6-40DC-91A0-C51552D6C7B2}.Debug|Any CPU.Build.0 = Debug|Any CPU
		{D5B82A21-F1F6-40DC-91A0-C51552D6C7B2}.Release|Any CPU.ActiveCfg = Release|Any CPU
		{D5B82A21-F1F6-40DC-91A0-C51552D6C7B2}.Release|Any CPU.Build.0 = Release|Any CPU
		{5E2ED6A3-CC48-4B8C-9F87-5EE5615205A4}.Debug|Any CPU.ActiveCfg = Debug|Any CPU
		{5E2ED6A3-CC48-4B8C-9F87-5EE5615205A4}.Debug|Any CPU.Build.0 = Debug|Any CPU
		{5E2ED6A3-CC48-4B8C-9F87-5EE5615205A4}.Release|Any CPU.ActiveCfg = Release|Any CPU
		{5E2ED6A3-CC48-4B8C-9F87-5EE5615205A4}.Release|Any CPU.Build.0 = Release|Any CPU
		{0848F240-FEB1-494C-9462-D28BC70CBDD1}.Debug|Any CPU.ActiveCfg = Debug|Any CPU
		{0848F240-FEB1-494C-9462-D28BC70CBDD1}.Debug|Any CPU.Build.0 = Debug|Any CPU
		{0848F240-FEB1-494C-9462-D28BC70CBDD1}.Release|Any CPU.ActiveCfg = Release|Any CPU
		{0848F240-FEB1-494C-9462-D28BC70CBDD1}.Release|Any CPU.Build.0 = Release|Any CPU
		{090BE252-9451-4FDA-839D-EBA744A816E9}.Debug|Any CPU.ActiveCfg = Debug|Any CPU
		{090BE252-9451-4FDA-839D-EBA744A816E9}.Debug|Any CPU.Build.0 = Debug|Any CPU
		{090BE252-9451-4FDA-839D-EBA744A816E9}.Release|Any CPU.ActiveCfg = Release|Any CPU
		{090BE252-9451-4FDA-839D-EBA744A816E9}.Release|Any CPU.Build.0 = Release|Any CPU
		{001B4C25-FE3B-4CB6-85EB-B2178E257272}.Debug|Any CPU.ActiveCfg = Debug|Any CPU
		{001B4C25-FE3B-4CB6-85EB-B2178E257272}.Debug|Any CPU.Build.0 = Debug|Any CPU
		{001B4C25-FE3B-4CB6-85EB-B2178E257272}.Release|Any CPU.ActiveCfg = Release|Any CPU
		{001B4C25-FE3B-4CB6-85EB-B2178E257272}.Release|Any CPU.Build.0 = Release|Any CPU
		{5888D81F-4C20-4C5D-A7A0-AD11F6FFC18E}.Debug|Any CPU.ActiveCfg = Debug|Any CPU
		{5888D81F-4C20-4C5D-A7A0-AD11F6FFC18E}.Debug|Any CPU.Build.0 = Debug|Any CPU
		{5888D81F-4C20-4C5D-A7A0-AD11F6FFC18E}.Release|Any CPU.ActiveCfg = Release|Any CPU
		{5888D81F-4C20-4C5D-A7A0-AD11F6FFC18E}.Release|Any CPU.Build.0 = Release|Any CPU
		{F1A664B4-3E94-4D7E-B68B-F8A53FB80237}.Debug|Any CPU.ActiveCfg = Debug|Any CPU
		{F1A664B4-3E94-4D7E-B68B-F8A53FB80237}.Debug|Any CPU.Build.0 = Debug|Any CPU
		{F1A664B4-3E94-4D7E-B68B-F8A53FB80237}.Release|Any CPU.ActiveCfg = Release|Any CPU
		{F1A664B4-3E94-4D7E-B68B-F8A53FB80237}.Release|Any CPU.Build.0 = Release|Any CPU
		{31F28A6A-10BF-4EFC-9C0E-D87FCE851039}.Debug|Any CPU.ActiveCfg = Debug|Any CPU
		{31F28A6A-10BF-4EFC-9C0E-D87FCE851039}.Debug|Any CPU.Build.0 = Debug|Any CPU
		{31F28A6A-10BF-4EFC-9C0E-D87FCE851039}.Release|Any CPU.ActiveCfg = Release|Any CPU
		{31F28A6A-10BF-4EFC-9C0E-D87FCE851039}.Release|Any CPU.Build.0 = Release|Any CPU
		{C3A1A119-FF6A-4027-AE1C-FFD20402CDC9}.Debug|Any CPU.ActiveCfg = Debug|Any CPU
		{C3A1A119-FF6A-4027-AE1C-FFD20402CDC9}.Debug|Any CPU.Build.0 = Debug|Any CPU
		{C3A1A119-FF6A-4027-AE1C-FFD20402CDC9}.Release|Any CPU.ActiveCfg = Release|Any CPU
		{C3A1A119-FF6A-4027-AE1C-FFD20402CDC9}.Release|Any CPU.Build.0 = Release|Any CPU
	EndGlobalSection
	GlobalSection(SolutionProperties) = preSolution
		HideSolutionNode = FALSE
	EndGlobalSection
	GlobalSection(ExtensibilityGlobals) = postSolution
		SolutionGuid = {F0060D12-50CA-4F7C-A116-7B248DE22BB7}
	EndGlobalSection
EndGlobal
